
Microsoft Visual Studio Solution File, Format Version 12.00
# Visual Studio Version 16
VisualStudioVersion = 16.0.30907.101
MinimumVisualStudioVersion = 10.0.40219.1
Project("{FAE04EC0-301F-11D3-BF4B-00C04F79EFBC}") = "Assignment02feb2021Con", "Assignment02feb2021Con\Assignment02feb2021Con.csproj", "{2B6C7550-D61E-4D98-9162-E91A7D855812}"
EndProject
Global
	GlobalSection(SolutionConfigurationPlatforms) = preSolution
		Debug|Any CPU = Debug|Any CPU
		Release|Any CPU = Release|Any CPU
	EndGlobalSection
	GlobalSection(ProjectConfigurationPlatforms) = postSolution
		{2B6C7550-D61E-4D98-9162-E91A7D855812}.Debug|Any CPU.ActiveCfg = Debug|Any CPU
		{2B6C7550-D61E-4D98-9162-E91A7D855812}.Debug|Any CPU.Build.0 = Debug|Any CPU
		{2B6C7550-D61E-4D98-9162-E91A7D855812}.Release|Any CPU.ActiveCfg = Release|Any CPU
		{2B6C7550-D61E-4D98-9162-E91A7D855812}.Release|Any CPU.Build.0 = Release|Any CPU
	EndGlobalSection
	GlobalSection(SolutionProperties) = preSolution
		HideSolutionNode = FALSE
	EndGlobalSection
	GlobalSection(ExtensibilityGlobals) = postSolution
		SolutionGuid = {ACD08EE5-605D-4A95-A8AE-93CA7E135A45}
	EndGlobalSection
EndGlobal
